
Microsoft Visual Studio Solution File, Format Version 12.00
# Visual Studio Version 17
VisualStudioVersion = 17.9.34728.123
MinimumVisualStudioVersion = 10.0.40219.1
Project("{FAE04EC0-301F-11D3-BF4B-00C04F79EFBC}") = "RefvsValue", "RefvsValue\RefvsValue.csproj", "{0D26BA1B-24C2-4A3F-A35E-62C5D6498EB7}"
EndProject
Project("{FAE04EC0-301F-11D3-BF4B-00C04F79EFBC}") = "RefvsValue2", "RefvsValue2\RefvsValue2.csproj", "{F9200037-D437-4202-8C44-D634ED3195CA}"
EndProject
Global
	GlobalSection(SolutionConfigurationPlatforms) = preSolution
		Debug|Any CPU = Debug|Any CPU
		Release|Any CPU = Release|Any CPU
	EndGlobalSection
	GlobalSection(ProjectConfigurationPlatforms) = postSolution
		{0D26BA1B-24C2-4A3F-A35E-62C5D6498EB7}.Debug|Any CPU.ActiveCfg = Debug|Any CPU
		{0D26BA1B-24C2-4A3F-A35E-62C5D6498EB7}.Debug|Any CPU.Build.0 = Debug|Any CPU
		{0D26BA1B-24C2-4A3F-A35E-62C5D6498EB7}.Release|Any CPU.ActiveCfg = Release|Any CPU
		{0D26BA1B-24C2-4A3F-A35E-62C5D6498EB7}.Release|Any CPU.Build.0 = Release|Any CPU
		{F9200037-D437-4202-8C44-D634ED3195CA}.Debug|Any CPU.ActiveCfg = Debug|Any CPU
		{F9200037-D437-4202-8C44-D634ED3195CA}.Debug|Any CPU.Build.0 = Debug|Any CPU
		{F9200037-D437-4202-8C44-D634ED3195CA}.Release|Any CPU.ActiveCfg = Release|Any CPU
		{F9200037-D437-4202-8C44-D634ED3195CA}.Release|Any CPU.Build.0 = Release|Any CPU
	EndGlobalSection
	GlobalSection(SolutionProperties) = preSolution
		HideSolutionNode = FALSE
	EndGlobalSection
	GlobalSection(ExtensibilityGlobals) = postSolution
		SolutionGuid = {F19C4BD9-6FD2-4025-9157-04B4C4C9CDDC}
	EndGlobalSection
EndGlobal
