
Microsoft Visual Studio Solution File, Format Version 12.00
# Visual Studio Version 17
VisualStudioVersion = 17.9.34728.123
MinimumVisualStudioVersion = 10.0.40219.1
Project("{FAE04EC0-301F-11D3-BF4B-00C04F79EFBC}") = "ForLoops", "ForLoops\ForLoops.csproj", "{80A00C4E-87DC-4BAD-A314-F674059209ED}"
EndProject
Project("{FAE04EC0-301F-11D3-BF4B-00C04F79EFBC}") = "ForEachLoop", "ForEachLoop\ForEachLoop.csproj", "{BC7327D1-20CC-4F5A-A9A3-8DF475767540}"
EndProject
Project("{FAE04EC0-301F-11D3-BF4B-00C04F79EFBC}") = "WhileLoops", "WhileLoops\WhileLoops.csproj", "{5AC4B0E7-48F8-4C13-87BA-B21448596BFC}"
EndProject
Project("{FAE04EC0-301F-11D3-BF4B-00C04F79EFBC}") = "RandomClass", "RandomClass\RandomClass.csproj", "{654E8B99-9F25-4550-B7ED-1B85059E9555}"
EndProject
Global
	GlobalSection(SolutionConfigurationPlatforms) = preSolution
		Debug|Any CPU = Debug|Any CPU
		Release|Any CPU = Release|Any CPU
	EndGlobalSection
	GlobalSection(ProjectConfigurationPlatforms) = postSolution
		{80A00C4E-87DC-4BAD-A314-F674059209ED}.Debug|Any CPU.ActiveCfg = Debug|Any CPU
		{80A00C4E-87DC-4BAD-A314-F674059209ED}.Debug|Any CPU.Build.0 = Debug|Any CPU
		{80A00C4E-87DC-4BAD-A314-F674059209ED}.Release|Any CPU.ActiveCfg = Release|Any CPU
		{80A00C4E-87DC-4BAD-A314-F674059209ED}.Release|Any CPU.Build.0 = Release|Any CPU
		{BC7327D1-20CC-4F5A-A9A3-8DF475767540}.Debug|Any CPU.ActiveCfg = Debug|Any CPU
		{BC7327D1-20CC-4F5A-A9A3-8DF475767540}.Debug|Any CPU.Build.0 = Debug|Any CPU
		{BC7327D1-20CC-4F5A-A9A3-8DF475767540}.Release|Any CPU.ActiveCfg = Release|Any CPU
		{BC7327D1-20CC-4F5A-A9A3-8DF475767540}.Release|Any CPU.Build.0 = Release|Any CPU
		{5AC4B0E7-48F8-4C13-87BA-B21448596BFC}.Debug|Any CPU.ActiveCfg = Debug|Any CPU
		{5AC4B0E7-48F8-4C13-87BA-B21448596BFC}.Debug|Any CPU.Build.0 = Debug|Any CPU
		{5AC4B0E7-48F8-4C13-87BA-B21448596BFC}.Release|Any CPU.ActiveCfg = Release|Any CPU
		{5AC4B0E7-48F8-4C13-87BA-B21448596BFC}.Release|Any CPU.Build.0 = Release|Any CPU
		{654E8B99-9F25-4550-B7ED-1B85059E9555}.Debug|Any CPU.ActiveCfg = Debug|Any CPU
		{654E8B99-9F25-4550-B7ED-1B85059E9555}.Debug|Any CPU.Build.0 = Debug|Any CPU
		{654E8B99-9F25-4550-B7ED-1B85059E9555}.Release|Any CPU.ActiveCfg = Release|Any CPU
		{654E8B99-9F25-4550-B7ED-1B85059E9555}.Release|Any CPU.Build.0 = Release|Any CPU
	EndGlobalSection
	GlobalSection(SolutionProperties) = preSolution
		HideSolutionNode = FALSE
	EndGlobalSection
	GlobalSection(ExtensibilityGlobals) = postSolution
		SolutionGuid = {82B07CB6-7B10-4270-A80D-C3F1657ECE88}
	EndGlobalSection
EndGlobal
